
Microsoft Visual Studio Solution File, Format Version 12.00
# Visual Studio Version 17
VisualStudioVersion = 17.9.34723.18
MinimumVisualStudioVersion = 10.0.40219.1
Project("{FAE04EC0-301F-11D3-BF4B-00C04F79EFBC}") = "labo3", "labo3.csproj", "{D9C1E331-3DE4-4430-BC6B-CA1E5CB4E889}"
EndProject
Global
	GlobalSection(SolutionConfigurationPlatforms) = preSolution
		Debug|Any CPU = Debug|Any CPU
		Release|Any CPU = Release|Any CPU
	EndGlobalSection
	GlobalSection(ProjectConfigurationPlatforms) = postSolution
		{D9C1E331-3DE4-4430-BC6B-CA1E5CB4E889}.Debug|Any CPU.ActiveCfg = Debug|Any CPU
		{D9C1E331-3DE4-4430-BC6B-CA1E5CB4E889}.Debug|Any CPU.Build.0 = Debug|Any CPU
		{D9C1E331-3DE4-4430-BC6B-CA1E5CB4E889}.Release|Any CPU.ActiveCfg = Release|Any CPU
		{D9C1E331-3DE4-4430-BC6B-CA1E5CB4E889}.Release|Any CPU.Build.0 = Release|Any CPU
	EndGlobalSection
	GlobalSection(SolutionProperties) = preSolution
		HideSolutionNode = FALSE
	EndGlobalSection
	GlobalSection(ExtensibilityGlobals) = postSolution
		SolutionGuid = {1B38D705-3F1D-46AC-AF74-B3F7960B7FE1}
	EndGlobalSection
EndGlobal
